// !$*UTF8*$!
{
	archiveVersion = 1;
	classes = {
	};
	objectVersion = 50;
	objects = {

/* Begin PBXBuildFile section */
		F6F64A22245B632D00B954C0 /* AppDelegate.swift in Sources */ = {isa = PBXBuildFile; fileRef = F6F64A21245B632D00B954C0 /* AppDelegate.swift */; };
		F6F64A24245B632D00B954C0 /* SceneDelegate.swift in Sources */ = {isa = PBXBuildFile; fileRef = F6F64A23245B632D00B954C0 /* SceneDelegate.swift */; };
		F6F64A2B245B633100B954C0 /* Assets.xcassets in Resources */ = {isa = PBXBuildFile; fileRef = F6F64A2A245B633100B954C0 /* Assets.xcassets */; };
		F6F64A2E245B633100B954C0 /* LaunchScreen.storyboard in Resources */ = {isa = PBXBuildFile; fileRef = F6F64A2C245B633100B954C0 /* LaunchScreen.storyboard */; };
		F6F64A38245B645D00B954C0 /* CurrentTempratureVC.swift in Sources */ = {isa = PBXBuildFile; fileRef = F6F64A37245B645D00B954C0 /* CurrentTempratureVC.swift */; };
		F6F64A3B245B6A3200B954C0 /* LocationManager.swift in Sources */ = {isa = PBXBuildFile; fileRef = F6F64A3A245B6A3200B954C0 /* LocationManager.swift */; };
		F6F64A4A245CD08900B954C0 /* Constants.swift in Sources */ = {isa = PBXBuildFile; fileRef = F6F64A49245CD08900B954C0 /* Constants.swift */; };
		F6F64A4C245CD0BE00B954C0 /* Errors.swift in Sources */ = {isa = PBXBuildFile; fileRef = F6F64A4B245CD0BE00B954C0 /* Errors.swift */; };
		F6F64A4F245CD14700B954C0 /* CurrentWeather.swift in Sources */ = {isa = PBXBuildFile; fileRef = F6F64A4E245CD14700B954C0 /* CurrentWeather.swift */; };
		F6F64A52245CD22700B954C0 /* NetworkManager.swift in Sources */ = {isa = PBXBuildFile; fileRef = F6F64A51245CD22700B954C0 /* NetworkManager.swift */; };
		F6F64A54245CDA4100B954C0 /* ForecastWeather.swift in Sources */ = {isa = PBXBuildFile; fileRef = F6F64A53245CDA4100B954C0 /* ForecastWeather.swift */; };
/* End PBXBuildFile section */

/* Begin PBXFileReference section */
		F6F64A1E245B632D00B954C0 /* WeatherMe.app */ = {isa = PBXFileReference; explicitFileType = wrapper.application; includeInIndex = 0; path = WeatherMe.app; sourceTree = BUILT_PRODUCTS_DIR; };
		F6F64A21245B632D00B954C0 /* AppDelegate.swift */ = {isa = PBXFileReference; lastKnownFileType = sourcecode.swift; path = AppDelegate.swift; sourceTree = "<group>"; };
		F6F64A23245B632D00B954C0 /* SceneDelegate.swift */ = {isa = PBXFileReference; lastKnownFileType = sourcecode.swift; path = SceneDelegate.swift; sourceTree = "<group>"; };
		F6F64A2A245B633100B954C0 /* Assets.xcassets */ = {isa = PBXFileReference; lastKnownFileType = folder.assetcatalog; path = Assets.xcassets; sourceTree = "<group>"; };
		F6F64A2D245B633100B954C0 /* Base */ = {isa = PBXFileReference; lastKnownFileType = file.storyboard; name = Base; path = Base.lproj/LaunchScreen.storyboard; sourceTree = "<group>"; };
		F6F64A2F245B633100B954C0 /* Info.plist */ = {isa = PBXFileReference; lastKnownFileType = text.plist.xml; path = Info.plist; sourceTree = "<group>"; };
		F6F64A37245B645D00B954C0 /* CurrentTempratureVC.swift */ = {isa = PBXFileReference; lastKnownFileType = sourcecode.swift; path = CurrentTempratureVC.swift; sourceTree = "<group>"; };
		F6F64A3A245B6A3200B954C0 /* LocationManager.swift */ = {isa = PBXFileReference; lastKnownFileType = sourcecode.swift; path = LocationManager.swift; sourceTree = "<group>"; };
		F6F64A49245CD08900B954C0 /* Constants.swift */ = {isa = PBXFileReference; lastKnownFileType = sourcecode.swift; path = Constants.swift; sourceTree = "<group>"; };
		F6F64A4B245CD0BE00B954C0 /* Errors.swift */ = {isa = PBXFileReference; lastKnownFileType = sourcecode.swift; path = Errors.swift; sourceTree = "<group>"; };
		F6F64A4E245CD14700B954C0 /* CurrentWeather.swift */ = {isa = PBXFileReference; lastKnownFileType = sourcecode.swift; path = CurrentWeather.swift; sourceTree = "<group>"; };
		F6F64A51245CD22700B954C0 /* NetworkManager.swift */ = {isa = PBXFileReference; lastKnownFileType = sourcecode.swift; path = NetworkManager.swift; sourceTree = "<group>"; };
		F6F64A53245CDA4100B954C0 /* ForecastWeather.swift */ = {isa = PBXFileReference; lastKnownFileType = sourcecode.swift; path = ForecastWeather.swift; sourceTree = "<group>"; };
/* End PBXFileReference section */

/* Begin PBXFrameworksBuildPhase section */
		F6F64A1B245B632C00B954C0 /* Frameworks */ = {
			isa = PBXFrameworksBuildPhase;
			buildActionMask = 2147483647;
			files = (
			);
			runOnlyForDeploymentPostprocessing = 0;
		};
/* End PBXFrameworksBuildPhase section */

/* Begin PBXGroup section */
		F6F64A15245B632C00B954C0 = {
			isa = PBXGroup;
			children = (
				F6F64A20245B632D00B954C0 /* WeatherMe */,
				F6F64A1F245B632D00B954C0 /* Products */,
			);
			sourceTree = "<group>";
		};
		F6F64A1F245B632D00B954C0 /* Products */ = {
			isa = PBXGroup;
			children = (
				F6F64A1E245B632D00B954C0 /* WeatherMe.app */,
			);
			name = Products;
			sourceTree = "<group>";
		};
		F6F64A20245B632D00B954C0 /* WeatherMe */ = {
			isa = PBXGroup;
			children = (
				F6F64A4D245CD13000B954C0 /* Model */,
				F6F64A48245CD07700B954C0 /* Utilities */,
				F6F64A39245B6A1F00B954C0 /* Managers */,
				F6F64A36245B643E00B954C0 /* Screens */,
				F6F64A35245B643500B954C0 /* Support */,
				F6F64A2A245B633100B954C0 /* Assets.xcassets */,
				F6F64A2F245B633100B954C0 /* Info.plist */,
			);
			path = WeatherMe;
			sourceTree = "<group>";
		};
		F6F64A35245B643500B954C0 /* Support */ = {
			isa = PBXGroup;
			children = (
				F6F64A21245B632D00B954C0 /* AppDelegate.swift */,
				F6F64A23245B632D00B954C0 /* SceneDelegate.swift */,
				F6F64A2C245B633100B954C0 /* LaunchScreen.storyboard */,
			);
			path = Support;
			sourceTree = "<group>";
		};
		F6F64A36245B643E00B954C0 /* Screens */ = {
			isa = PBXGroup;
			children = (
				F6F64A37245B645D00B954C0 /* CurrentTempratureVC.swift */,
			);
			path = Screens;
			sourceTree = "<group>";
		};
		F6F64A39245B6A1F00B954C0 /* Managers */ = {
			isa = PBXGroup;
			children = (
				F6F64A3A245B6A3200B954C0 /* LocationManager.swift */,
				F6F64A51245CD22700B954C0 /* NetworkManager.swift */,
			);
			path = Managers;
			sourceTree = "<group>";
		};
		F6F64A48245CD07700B954C0 /* Utilities */ = {
			isa = PBXGroup;
			children = (
				F6F64A49245CD08900B954C0 /* Constants.swift */,
				F6F64A4B245CD0BE00B954C0 /* Errors.swift */,
			);
			path = Utilities;
			sourceTree = "<group>";
		};
		F6F64A4D245CD13000B954C0 /* Model */ = {
			isa = PBXGroup;
			children = (
				F6F64A4E245CD14700B954C0 /* CurrentWeather.swift */,
				F6F64A53245CDA4100B954C0 /* ForecastWeather.swift */,
			);
			path = Model;
			sourceTree = "<group>";
		};
/* End PBXGroup section */

/* Begin PBXNativeTarget section */
		F6F64A1D245B632C00B954C0 /* WeatherMe */ = {
			isa = PBXNativeTarget;
			buildConfigurationList = F6F64A32245B633100B954C0 /* Build configuration list for PBXNativeTarget "WeatherMe" */;
			buildPhases = (
				F6F64A1A245B632C00B954C0 /* Sources */,
				F6F64A1B245B632C00B954C0 /* Frameworks */,
				F6F64A1C245B632C00B954C0 /* Resources */,
			);
			buildRules = (
			);
			dependencies = (
			);
			name = WeatherMe;
			productName = WeatherMe;
			productReference = F6F64A1E245B632D00B954C0 /* WeatherMe.app */;
			productType = "com.apple.product-type.application";
		};
/* End PBXNativeTarget section */

/* Begin PBXProject section */
		F6F64A16245B632C00B954C0 /* Project object */ = {
			isa = PBXProject;
			attributes = {
				LastSwiftUpdateCheck = 1140;
				LastUpgradeCheck = 1140;
				ORGANIZATIONNAME = com.devKrey;
				TargetAttributes = {
					F6F64A1D245B632C00B954C0 = {
						CreatedOnToolsVersion = 11.4;
					};
				};
			};
			buildConfigurationList = F6F64A19245B632C00B954C0 /* Build configuration list for PBXProject "WeatherMe" */;
			compatibilityVersion = "Xcode 9.3";
			developmentRegion = en;
			hasScannedForEncodings = 0;
			knownRegions = (
				en,
				Base,
			);
			mainGroup = F6F64A15245B632C00B954C0;
			productRefGroup = F6F64A1F245B632D00B954C0 /* Products */;
			projectDirPath = "";
			projectRoot = "";
			targets = (
				F6F64A1D245B632C00B954C0 /* WeatherMe */,
			);
		};
/* End PBXProject section */

/* Begin PBXResourcesBuildPhase section */
		F6F64A1C245B632C00B954C0 /* Resources */ = {
			isa = PBXResourcesBuildPhase;
			buildActionMask = 2147483647;
			files = (
				F6F64A2E245B633100B954C0 /* LaunchScreen.storyboard in Resources */,
				F6F64A2B245B633100B954C0 /* Assets.xcassets in Resources */,
			);
			runOnlyForDeploymentPostprocessing = 0;
		};
/* End PBXResourcesBuildPhase section */

/* Begin PBXSourcesBuildPhase section */
		F6F64A1A245B632C00B954C0 /* Sources */ = {
			isa = PBXSourcesBuildPhase;
			buildActionMask = 2147483647;
			files = (
				F6F64A54245CDA4100B954C0 /* ForecastWeather.swift in Sources */,
				F6F64A4A245CD08900B954C0 /* Constants.swift in Sources */,
				F6F64A3B245B6A3200B954C0 /* LocationManager.swift in Sources */,
				F6F64A38245B645D00B954C0 /* CurrentTempratureVC.swift in Sources */,
				F6F64A4F245CD14700B954C0 /* CurrentWeather.swift in Sources */,
				F6F64A52245CD22700B954C0 /* NetworkManager.swift in Sources */,
				F6F64A22245B632D00B954C0 /* AppDelegate.swift in Sources */,
				F6F64A4C245CD0BE00B954C0 /* Errors.swift in Sources */,
				F6F64A24245B632D00B954C0 /* SceneDelegate.swift in Sources */,
			);
			runOnlyForDeploymentPostprocessing = 0;
		};
/* End PBXSourcesBuildPhase section */

/* Begin PBXVariantGroup section */
		F6F64A2C245B633100B954C0 /* LaunchScreen.storyboard */ = {
			isa = PBXVariantGroup;
			children = (
				F6F64A2D245B633100B954C0 /* Base */,
			);
			name = LaunchScreen.storyboard;
			sourceTree = "<group>";
		};
/* End PBXVariantGroup section */

/* Begin XCBuildConfiguration section */
		F6F64A30245B633100B954C0 /* Debug */ = {
			isa = XCBuildConfiguration;
			buildSettings = {
				ALWAYS_SEARCH_USER_PATHS = NO;
				CLANG_ANALYZER_NONNULL = YES;
				CLANG_ANALYZER_NUMBER_OBJECT_CONVERSION = YES_AGGRESSIVE;
				CLANG_CXX_LANGUAGE_STANDARD = "gnu++14";
				CLANG_CXX_LIBRARY = "libc++";
				CLANG_ENABLE_MODULES = YES;
				CLANG_ENABLE_OBJC_ARC = YES;
				CLANG_ENABLE_OBJC_WEAK = YES;
				CLANG_WARN_BLOCK_CAPTURE_AUTORELEASING = YES;
				CLANG_WARN_BOOL_CONVERSION = YES;
				CLANG_WARN_COMMA = YES;
				CLANG_WARN_CONSTANT_CONVERSION = YES;
				CLANG_WARN_DEPRECATED_OBJC_IMPLEMENTATIONS = YES;
				CLANG_WARN_DIRECT_OBJC_ISA_USAGE = YES_ERROR;
				CLANG_WARN_DOCUMENTATION_COMMENTS = YES;
				CLANG_WARN_EMPTY_BODY = YES;
				CLANG_WARN_ENUM_CONVERSION = YES;
				CLANG_WARN_INFINITE_RECURSION = YES;
				CLANG_WARN_INT_CONVERSION = YES;
				CLANG_WARN_NON_LITERAL_NULL_CONVERSION = YES;
				CLANG_WARN_OBJC_IMPLICIT_RETAIN_SELF = YES;
				CLANG_WARN_OBJC_LITERAL_CONVERSION = YES;
				CLANG_WARN_OBJC_ROOT_CLASS = YES_ERROR;
				CLANG_WARN_RANGE_LOOP_ANALYSIS = YES;
				CLANG_WARN_STRICT_PROTOTYPES = YES;
				CLANG_WARN_SUSPICIOUS_MOVE = YES;
				CLANG_WARN_UNGUARDED_AVAILABILITY = YES_AGGRESSIVE;
				CLANG_WARN_UNREACHABLE_CODE = YES;
				CLANG_WARN__DUPLICATE_METHOD_MATCH = YES;
				COPY_PHASE_STRIP = NO;
				DEBUG_INFORMATION_FORMAT = dwarf;
				ENABLE_STRICT_OBJC_MSGSEND = YES;
				ENABLE_TESTABILITY = YES;
				GCC_C_LANGUAGE_STANDARD = gnu11;
				GCC_DYNAMIC_NO_PIC = NO;
				GCC_NO_COMMON_BLOCKS = YES;
				GCC_OPTIMIZATION_LEVEL = 0;
				GCC_PREPROCESSOR_DEFINITIONS = (
					"DEBUG=1",
					"$(inherited)",
				);
				GCC_WARN_64_TO_32_BIT_CONVERSION = YES;
				GCC_WARN_ABOUT_RETURN_TYPE = YES_ERROR;
				GCC_WARN_UNDECLARED_SELECTOR = YES;
				GCC_WARN_UNINITIALIZED_AUTOS = YES_AGGRESSIVE;
				GCC_WARN_UNUSED_FUNCTION = YES;
				GCC_WARN_UNUSED_VARIABLE = YES;
				IPHONEOS_DEPLOYMENT_TARGET = 13.4;
				MTL_ENABLE_DEBUG_INFO = INCLUDE_SOURCE;
				MTL_FAST_MATH = YES;
				ONLY_ACTIVE_ARCH = YES;
				SDKROOT = iphoneos;
				SWIFT_ACTIVE_COMPILATION_CONDITIONS = DEBUG;
				SWIFT_OPTIMIZATION_LEVEL = "-Onone";
			};
			name = Debug;
		};
		F6F64A31245B633100B954C0 /* Release */ = {
			isa = XCBuildConfiguration;
			buildSettings = {
				ALWAYS_SEARCH_USER_PATHS = NO;
				CLANG_ANALYZER_NONNULL = YES;
				CLANG_ANALYZER_NUMBER_OBJECT_CONVERSION = YES_AGGRESSIVE;
				CLANG_CXX_LANGUAGE_STANDARD = "gnu++14";
				CLANG_CXX_LIBRARY = "libc++";
				CLANG_ENABLE_MODULES = YES;
				CLANG_ENABLE_OBJC_ARC = YES;
				CLANG_ENABLE_OBJC_WEAK = YES;
				CLANG_WARN_BLOCK_CAPTURE_AUTORELEASING = YES;
				CLANG_WARN_BOOL_CONVERSION = YES;
				CLANG_WARN_COMMA = YES;
				CLANG_WARN_CONSTANT_CONVERSION = YES;
				CLANG_WARN_DEPRECATED_OBJC_IMPLEMENTATIONS = YES;
				CLANG_WARN_DIRECT_OBJC_ISA_USAGE = YES_ERROR;
				CLANG_WARN_DOCUMENTATION_COMMENTS = YES;
				CLANG_WARN_EMPTY_BODY = YES;
				CLANG_WARN_ENUM_CONVERSION = YES;
				CLANG_WARN_INFINITE_RECURSION = YES;
				CLANG_WARN_INT_CONVERSION = YES;
				CLANG_WARN_NON_LITERAL_NULL_CONVERSION = YES;
				CLANG_WARN_OBJC_IMPLICIT_RETAIN_SELF = YES;
				CLANG_WARN_OBJC_LITERAL_CONVERSION = YES;
				CLANG_WARN_OBJC_ROOT_CLASS = YES_ERROR;
				CLANG_WARN_RANGE_LOOP_ANALYSIS = YES;
				CLANG_WARN_STRICT_PROTOTYPES = YES;
				CLANG_WARN_SUSPICIOUS_MOVE = YES;
				CLANG_WARN_UNGUARDED_AVAILABILITY = YES_AGGRESSIVE;
				CLANG_WARN_UNREACHABLE_CODE = YES;
				CLANG_WARN__DUPLICATE_METHOD_MATCH = YES;
				COPY_PHASE_STRIP = NO;
				DEBUG_INFORMATION_FORMAT = "dwarf-with-dsym";
				ENABLE_NS_ASSERTIONS = NO;
				ENABLE_STRICT_OBJC_MSGSEND = YES;
				GCC_C_LANGUAGE_STANDARD = gnu11;
				GCC_NO_COMMON_BLOCKS = YES;
				GCC_WARN_64_TO_32_BIT_CONVERSION = YES;
				GCC_WARN_ABOUT_RETURN_TYPE = YES_ERROR;
				GCC_WARN_UNDECLARED_SELECTOR = YES;
				GCC_WARN_UNINITIALIZED_AUTOS = YES_AGGRESSIVE;
				GCC_WARN_UNUSED_FUNCTION = YES;
				GCC_WARN_UNUSED_VARIABLE = YES;
				IPHONEOS_DEPLOYMENT_TARGET = 13.4;
				MTL_ENABLE_DEBUG_INFO = NO;
				MTL_FAST_MATH = YES;
				SDKROOT = iphoneos;
				SWIFT_COMPILATION_MODE = wholemodule;
				SWIFT_OPTIMIZATION_LEVEL = "-O";
				VALIDATE_PRODUCT = YES;
			};
			name = Release;
		};
		F6F64A33245B633100B954C0 /* Debug */ = {
			isa = XCBuildConfiguration;
			buildSettings = {
				ASSETCATALOG_COMPILER_APPICON_NAME = AppIcon;
				CODE_SIGN_STYLE = Automatic;
				DEVELOPMENT_TEAM = 5G4Y4N938U;
				INFOPLIST_FILE = WeatherMe/Info.plist;
				LD_RUNPATH_SEARCH_PATHS = (
					"$(inherited)",
					"@executable_path/Frameworks",
				);
				PRODUCT_BUNDLE_IDENTIFIER = KSJain.WeatherMe;
				PRODUCT_NAME = "$(TARGET_NAME)";
				SWIFT_VERSION = 5.0;
				TARGETED_DEVICE_FAMILY = "1,2";
			};
			name = Debug;
		};
		F6F64A34245B633100B954C0 /* Release */ = {
			isa = XCBuildConfiguration;
			buildSettings = {
				ASSETCATALOG_COMPILER_APPICON_NAME = AppIcon;
				CODE_SIGN_STYLE = Automatic;
				DEVELOPMENT_TEAM = 5G4Y4N938U;
				INFOPLIST_FILE = WeatherMe/Info.plist;
				LD_RUNPATH_SEARCH_PATHS = (
					"$(inherited)",
					"@executable_path/Frameworks",
				);
				PRODUCT_BUNDLE_IDENTIFIER = KSJain.WeatherMe;
				PRODUCT_NAME = "$(TARGET_NAME)";
				SWIFT_VERSION = 5.0;
				TARGETED_DEVICE_FAMILY = "1,2";
			};
			name = Release;
		};
/* End XCBuildConfiguration section */

/* Begin XCConfigurationList section */
		F6F64A19245B632C00B954C0 /* Build configuration list for PBXProject "WeatherMe" */ = {
			isa = XCConfigurationList;
			buildConfigurations = (
				F6F64A30245B633100B954C0 /* Debug */,
				F6F64A31245B633100B954C0 /* Release */,
			);
			defaultConfigurationIsVisible = 0;
			defaultConfigurationName = Release;
		};
		F6F64A32245B633100B954C0 /* Build configuration list for PBXNativeTarget "WeatherMe" */ = {
			isa = XCConfigurationList;
			buildConfigurations = (
				F6F64A33245B633100B954C0 /* Debug */,
				F6F64A34245B633100B954C0 /* Release */,
			);
			defaultConfigurationIsVisible = 0;
			defaultConfigurationName = Release;
		};
/* End XCConfigurationList section */
	};
	rootObject = F6F64A16245B632C00B954C0 /* Project object */;
}
